
Microsoft Visual Studio Solution File, Format Version 12.00
# Visual Studio Version 17
VisualStudioVersion = 17.11.35219.272
MinimumVisualStudioVersion = 10.0.40219.1
Project("{FAE04EC0-301F-11D3-BF4B-00C04F79EFBC}") = "Final1Proyecto", "Final1Proyecto.csproj", "{315E15CC-B2F2-431F-A8B4-F736E402A960}"
EndProject
Global
	GlobalSection(SolutionConfigurationPlatforms) = preSolution
		Debug|Any CPU = Debug|Any CPU
		Release|Any CPU = Release|Any CPU
	EndGlobalSection
	GlobalSection(ProjectConfigurationPlatforms) = postSolution
		{315E15CC-B2F2-431F-A8B4-F736E402A960}.Debug|Any CPU.ActiveCfg = Debug|Any CPU
		{315E15CC-B2F2-431F-A8B4-F736E402A960}.Debug|Any CPU.Build.0 = Debug|Any CPU
		{315E15CC-B2F2-431F-A8B4-F736E402A960}.Release|Any CPU.ActiveCfg = Release|Any CPU
		{315E15CC-B2F2-431F-A8B4-F736E402A960}.Release|Any CPU.Build.0 = Release|Any CPU
	EndGlobalSection
	GlobalSection(SolutionProperties) = preSolution
		HideSolutionNode = FALSE
	EndGlobalSection
	GlobalSection(ExtensibilityGlobals) = postSolution
		SolutionGuid = {A17E9E6E-12FF-4115-81BB-9CBADCAE2A67}
	EndGlobalSection
EndGlobal
